
Microsoft Visual Studio Solution File, Format Version 12.00
# Visual Studio 15
VisualStudioVersion = 15.0.27703.2000
MinimumVisualStudioVersion = 10.0.40219.1
Project("{9A19103F-16F7-4668-BE54-9A1E7A4F7556}") = "OYW.OA.Web", "OYW.OA.Web\OYW.OA.Web\OYW.OA.Web.csproj", "{087E6349-A239-42C0-A987-F79BB7DC3733}"
EndProject
Project("{9A19103F-16F7-4668-BE54-9A1E7A4F7556}") = "OYW.OA.EFRepositories", "OYW.OA.EFRepositories\OYW.OA.EFRepositories.csproj", "{65E618A0-B093-45C6-88D1-F07CA87269AD}"
EndProject
Project("{9A19103F-16F7-4668-BE54-9A1E7A4F7556}") = "OYW.OA.Infrastructure", "OYW.OA.Infrastructure\OYW.OA.Infrastructure.csproj", "{E383AFBF-4C58-48CF-9284-2C0311FFE2DE}"
EndProject
Project("{9A19103F-16F7-4668-BE54-9A1E7A4F7556}") = "OYW.OA.Domain", "OYW.OA.Domain\OYW.OA.Domain.csproj", "{0DE1C237-FD70-4C9D-86F9-5C26AAE5ABF7}"
EndProject
Project("{9A19103F-16F7-4668-BE54-9A1E7A4F7556}") = "OYW.OA.DTO", "OYW.OA.DTO\OYW.OA.DTO.csproj", "{E2EC54E4-99C6-46AD-AC31-B0619E7C8DDC}"
EndProject
Project("{2150E333-8FDC-42A3-9474-1A3956D46DE8}") = "Docs", "Docs", "{02602327-176B-40CF-8903-D8F9CB02C15D}"
EndProject
Project("{2150E333-8FDC-42A3-9474-1A3956D46DE8}") = "DataBase", "DataBase", "{E75DCD8B-5CB0-4975-A0CE-BA4DF1D7E4C2}"
	ProjectSection(SolutionItems) = preProject
		initDataBase.sql = initDataBase.sql
	EndProjectSection
EndProject
Project("{9A19103F-16F7-4668-BE54-9A1E7A4F7556}") = "OYW.OA.Application", "OYW.OA.Application\OYW.OA.Application.csproj", "{2059264F-60EC-4E34-B5C5-E8310B65DD49}"
EndProject
Project("{9A19103F-16F7-4668-BE54-9A1E7A4F7556}") = "OYW.OA.ApplicationInterface", "OYW.OA.ApplicationInterface\OYW.OA.ApplicationInterface.csproj", "{4371A3D7-F359-4BF2-8323-A4E4D1E8FC95}"
EndProject
Project("{9A19103F-16F7-4668-BE54-9A1E7A4F7556}") = "OYW.OA.API", "OYW.OA.API\OYW.OA.API.csproj", "{01DA5CEF-2DFF-4DAE-81BD-43F3FA9419F7}"
EndProject
Project("{9A19103F-16F7-4668-BE54-9A1E7A4F7556}") = "OYW.OA.XUnitTest", "OYW.OA.XUnitTest\OYW.OA.XUnitTest.csproj", "{D3055A3D-3FD5-428D-9F14-70F6414C21B7}"
EndProject
Global
	GlobalSection(SolutionConfigurationPlatforms) = preSolution
		Debug|Any CPU = Debug|Any CPU
		Release|Any CPU = Release|Any CPU
	EndGlobalSection
	GlobalSection(ProjectConfigurationPlatforms) = postSolution
		{087E6349-A239-42C0-A987-F79BB7DC3733}.Debug|Any CPU.ActiveCfg = Debug|Any CPU
		{087E6349-A239-42C0-A987-F79BB7DC3733}.Debug|Any CPU.Build.0 = Debug|Any CPU
		{087E6349-A239-42C0-A987-F79BB7DC3733}.Release|Any CPU.ActiveCfg = Release|Any CPU
		{087E6349-A239-42C0-A987-F79BB7DC3733}.Release|Any CPU.Build.0 = Release|Any CPU
		{65E618A0-B093-45C6-88D1-F07CA87269AD}.Debug|Any CPU.ActiveCfg = Debug|Any CPU
		{65E618A0-B093-45C6-88D1-F07CA87269AD}.Debug|Any CPU.Build.0 = Debug|Any CPU
		{65E618A0-B093-45C6-88D1-F07CA87269AD}.Release|Any CPU.ActiveCfg = Release|Any CPU
		{65E618A0-B093-45C6-88D1-F07CA87269AD}.Release|Any CPU.Build.0 = Release|Any CPU
		{E383AFBF-4C58-48CF-9284-2C0311FFE2DE}.Debug|Any CPU.ActiveCfg = Debug|Any CPU
		{E383AFBF-4C58-48CF-9284-2C0311FFE2DE}.Debug|Any CPU.Build.0 = Debug|Any CPU
		{E383AFBF-4C58-48CF-9284-2C0311FFE2DE}.Release|Any CPU.ActiveCfg = Release|Any CPU
		{E383AFBF-4C58-48CF-9284-2C0311FFE2DE}.Release|Any CPU.Build.0 = Release|Any CPU
		{0DE1C237-FD70-4C9D-86F9-5C26AAE5ABF7}.Debug|Any CPU.ActiveCfg = Debug|Any CPU
		{0DE1C237-FD70-4C9D-86F9-5C26AAE5ABF7}.Debug|Any CPU.Build.0 = Debug|Any CPU
		{0DE1C237-FD70-4C9D-86F9-5C26AAE5ABF7}.Release|Any CPU.ActiveCfg = Release|Any CPU
		{0DE1C237-FD70-4C9D-86F9-5C26AAE5ABF7}.Release|Any CPU.Build.0 = Release|Any CPU
		{E2EC54E4-99C6-46AD-AC31-B0619E7C8DDC}.Debug|Any CPU.ActiveCfg = Debug|Any CPU
		{E2EC54E4-99C6-46AD-AC31-B0619E7C8DDC}.Debug|Any CPU.Build.0 = Debug|Any CPU
		{E2EC54E4-99C6-46AD-AC31-B0619E7C8DDC}.Release|Any CPU.ActiveCfg = Release|Any CPU
		{E2EC54E4-99C6-46AD-AC31-B0619E7C8DDC}.Release|Any CPU.Build.0 = Release|Any CPU
		{2059264F-60EC-4E34-B5C5-E8310B65DD49}.Debug|Any CPU.ActiveCfg = Debug|Any CPU
		{2059264F-60EC-4E34-B5C5-E8310B65DD49}.Debug|Any CPU.Build.0 = Debug|Any CPU
		{2059264F-60EC-4E34-B5C5-E8310B65DD49}.Release|Any CPU.ActiveCfg = Release|Any CPU
		{2059264F-60EC-4E34-B5C5-E8310B65DD49}.Release|Any CPU.Build.0 = Release|Any CPU
		{4371A3D7-F359-4BF2-8323-A4E4D1E8FC95}.Debug|Any CPU.ActiveCfg = Debug|Any CPU
		{4371A3D7-F359-4BF2-8323-A4E4D1E8FC95}.Debug|Any CPU.Build.0 = Debug|Any CPU
		{4371A3D7-F359-4BF2-8323-A4E4D1E8FC95}.Release|Any CPU.ActiveCfg = Release|Any CPU
		{4371A3D7-F359-4BF2-8323-A4E4D1E8FC95}.Release|Any CPU.Build.0 = Release|Any CPU
		{01DA5CEF-2DFF-4DAE-81BD-43F3FA9419F7}.Debug|Any CPU.ActiveCfg = Debug|Any CPU
		{01DA5CEF-2DFF-4DAE-81BD-43F3FA9419F7}.Debug|Any CPU.Build.0 = Debug|Any CPU
		{01DA5CEF-2DFF-4DAE-81BD-43F3FA9419F7}.Release|Any CPU.ActiveCfg = Release|Any CPU
		{01DA5CEF-2DFF-4DAE-81BD-43F3FA9419F7}.Release|Any CPU.Build.0 = Release|Any CPU
		{D3055A3D-3FD5-428D-9F14-70F6414C21B7}.Debug|Any CPU.ActiveCfg = Debug|Any CPU
		{D3055A3D-3FD5-428D-9F14-70F6414C21B7}.Debug|Any CPU.Build.0 = Debug|Any CPU
		{D3055A3D-3FD5-428D-9F14-70F6414C21B7}.Release|Any CPU.ActiveCfg = Release|Any CPU
		{D3055A3D-3FD5-428D-9F14-70F6414C21B7}.Release|Any CPU.Build.0 = Release|Any CPU
	EndGlobalSection
	GlobalSection(SolutionProperties) = preSolution
		HideSolutionNode = FALSE
	EndGlobalSection
	GlobalSection(NestedProjects) = preSolution
		{E75DCD8B-5CB0-4975-A0CE-BA4DF1D7E4C2} = {02602327-176B-40CF-8903-D8F9CB02C15D}
	EndGlobalSection
	GlobalSection(ExtensibilityGlobals) = postSolution
		SolutionGuid = {9578BBC3-14CA-4F40-A48E-3DB167F5288D}
	EndGlobalSection
EndGlobal
